
Microsoft Visual Studio Solution File, Format Version 12.00
# Visual Studio Version 16
VisualStudioVersion = 16.0.31613.86
MinimumVisualStudioVersion = 10.0.40219.1
Project("{FAE04EC0-301F-11D3-BF4B-00C04F79EFBC}") = "RPGRosterpages", "RPGRosterpages\RPGRosterpages.csproj", "{0BCEC9FF-6173-495A-88FA-CB43F2861910}"
EndProject
Project("{FAE04EC0-301F-11D3-BF4B-00C04F79EFBC}") = "RPGRosterHome", "RPGRosterHome\RPGRosterHome.csproj", "{3999988E-1E53-49FE-B178-2E1EECC1DD4E}"
EndProject
Global
	GlobalSection(SolutionConfigurationPlatforms) = preSolution
		Debug|Any CPU = Debug|Any CPU
		Release|Any CPU = Release|Any CPU
	EndGlobalSection
	GlobalSection(ProjectConfigurationPlatforms) = postSolution
		{0BCEC9FF-6173-495A-88FA-CB43F2861910}.Debug|Any CPU.ActiveCfg = Debug|Any CPU
		{0BCEC9FF-6173-495A-88FA-CB43F2861910}.Debug|Any CPU.Build.0 = Debug|Any CPU
		{0BCEC9FF-6173-495A-88FA-CB43F2861910}.Release|Any CPU.ActiveCfg = Release|Any CPU
		{0BCEC9FF-6173-495A-88FA-CB43F2861910}.Release|Any CPU.Build.0 = Release|Any CPU
		{3999988E-1E53-49FE-B178-2E1EECC1DD4E}.Debug|Any CPU.ActiveCfg = Debug|Any CPU
		{3999988E-1E53-49FE-B178-2E1EECC1DD4E}.Debug|Any CPU.Build.0 = Debug|Any CPU
		{3999988E-1E53-49FE-B178-2E1EECC1DD4E}.Release|Any CPU.ActiveCfg = Release|Any CPU
		{3999988E-1E53-49FE-B178-2E1EECC1DD4E}.Release|Any CPU.Build.0 = Release|Any CPU
	EndGlobalSection
	GlobalSection(SolutionProperties) = preSolution
		HideSolutionNode = FALSE
	EndGlobalSection
	GlobalSection(ExtensibilityGlobals) = postSolution
		SolutionGuid = {35E85277-AE1E-4AD4-BD39-CD273E2C4DC5}
	EndGlobalSection
EndGlobal
